<?xml version="1.0" encoding="utf-8"?>
<Project ToolsVersion="4.0" xmlns="http://schemas.microsoft.com/developer/msbuild/2003">
  <ItemGroup>
    <Filter Include="Source Files">
      <UniqueIdentifier>{1150ed2a-a49e-4dc2-affe-c7145494b336}</UniqueIdentifier>
      <Extensions>cpp;c;cxx;def;odl;idl;hpj;bat;asm</Extensions>
    </Filter>
    <Filter Include="Header Files">
      <UniqueIdentifier>{bf3ffecc-6f28-4b1b-b4c6-af071dace752}</UniqueIdentifier>
      <Extensions>h;hpp;hxx;hm;inl;inc</Extensions>
    </Filter>
    <Filter Include="Resource Files">
      <UniqueIdentifier>{2d1540c4-ba5a-49fa-9ba8-977e4b6293fc}</UniqueIdentifier>
      <Extensions>rc;ico;cur;bmp;dlg;rc2;rct;bin;rgs;jpg;jpeg;jpe;manifest</Extensions>
    </Filter>
    <Filter Include="up6_com">
      <UniqueIdentifier>{04e21d1f-9415-4fc4-992c-75b46be3985b}</UniqueIdentifier>
    </Filter>
    <Filter Include="biz">
      <UniqueIdentifier>{2825e558-149b-480e-9ff6-02985e6ea160}</UniqueIdentifier>
    </Filter>
    <Filter Include="ui">
      <UniqueIdentifier>{18c48742-4335-4c07-9016-67f0f0375adb}</UniqueIdentifier>
    </Filter>
    <Filter Include="components">
      <UniqueIdentifier>{c74a1b7e-94d2-4553-bdb3-73518d77d221}</UniqueIdentifier>
    </Filter>
  </ItemGroup>
  <ItemGroup>
    <ClCompile Include="stdafx.cpp">
      <Filter>Source Files</Filter>
    </ClCompile>
    <ClCompile Include="wtlApp.cpp">
      <Filter>Source Files</Filter>
    </ClCompile>
    <ClCompile Include="MainDlg.cpp">
      <Filter>ui</Filter>
    </ClCompile>
    <ClCompile Include="Up6Impl.cpp">
      <Filter>biz</Filter>
    </ClCompile>
    <ClCompile Include="Utils.cpp">
      <Filter>biz</Filter>
    </ClCompile>
    <ClCompile Include="FileUploader.cpp">
      <Filter>biz</Filter>
    </ClCompile>
    <ClCompile Include="FileData.cpp">
      <Filter>biz</Filter>
    </ClCompile>
    <ClCompile Include="components\MsgData.cpp">
      <Filter>components</Filter>
    </ClCompile>
    <ClCompile Include="components\ThreadMessage.cpp">
      <Filter>components</Filter>
    </ClCompile>
    <ClCompile Include="components\MsgCenter.cpp">
      <Filter>components</Filter>
    </ClCompile>
  </ItemGroup>
  <ItemGroup>
    <ClInclude Include="stdafx.h">
      <Filter>Header Files</Filter>
    </ClInclude>
    <ClInclude Include="targetver.h">
      <Filter>Header Files</Filter>
    </ClInclude>
    <ClInclude Include="resource.h">
      <Filter>Header Files</Filter>
    </ClInclude>
    <ClInclude Include="HttpUploaderApp_i.h">
      <Filter>up6_com</Filter>
    </ClInclude>
    <ClInclude Include="MainDlg.h">
      <Filter>ui</Filter>
    </ClInclude>
    <ClInclude Include="Up6Impl.h">
      <Filter>biz</Filter>
    </ClInclude>
    <ClInclude Include="Utils.h">
      <Filter>biz</Filter>
    </ClInclude>
    <ClInclude Include="FileUploader.h">
      <Filter>biz</Filter>
    </ClInclude>
    <ClInclude Include="FileData.h">
      <Filter>biz</Filter>
    </ClInclude>
    <ClInclude Include="components\MsgData.h">
      <Filter>components</Filter>
    </ClInclude>
    <ClInclude Include="components\ThreadMessage.h">
      <Filter>components</Filter>
    </ClInclude>
    <ClInclude Include="components\MsgCenter.h">
      <Filter>components</Filter>
    </ClInclude>
  </ItemGroup>
  <ItemGroup>
    <ResourceCompile Include="wtlApp.rc">
      <Filter>Resource Files</Filter>
    </ResourceCompile>
  </ItemGroup>
  <ItemGroup>
    <Image Include="res\wtlApp.ico">
      <Filter>Resource Files</Filter>
    </Image>
  </ItemGroup>
  <ItemGroup>
    <Text Include="readme.txt" />
  </ItemGroup>
  <ItemGroup>
    <None Include="config.js" />
  </ItemGroup>
</Project>